
Microsoft Visual Studio Solution File, Format Version 12.00
# Visual Studio Version 17
VisualStudioVersion = 17.4.33110.190
MinimumVisualStudioVersion = 10.0.40219.1
Project("{FAE04EC0-301F-11D3-BF4B-00C04F79EFBC}") = "G12_NotePad", "G12_NotePad\G12_NotePad.csproj", "{DE6C69F2-1D03-4084-A8BB-5FEC2A6BC213}"
EndProject
Global
	GlobalSection(SolutionConfigurationPlatforms) = preSolution
		Debug|Any CPU = Debug|Any CPU
		Release|Any CPU = Release|Any CPU
	EndGlobalSection
	GlobalSection(ProjectConfigurationPlatforms) = postSolution
		{DE6C69F2-1D03-4084-A8BB-5FEC2A6BC213}.Debug|Any CPU.ActiveCfg = Debug|Any CPU
		{DE6C69F2-1D03-4084-A8BB-5FEC2A6BC213}.Debug|Any CPU.Build.0 = Debug|Any CPU
		{DE6C69F2-1D03-4084-A8BB-5FEC2A6BC213}.Release|Any CPU.ActiveCfg = Release|Any CPU
		{DE6C69F2-1D03-4084-A8BB-5FEC2A6BC213}.Release|Any CPU.Build.0 = Release|Any CPU
	EndGlobalSection
	GlobalSection(SolutionProperties) = preSolution
		HideSolutionNode = FALSE
	EndGlobalSection
	GlobalSection(ExtensibilityGlobals) = postSolution
		SolutionGuid = {8B3507AE-C38B-489C-B30E-C51D48EE054A}
	EndGlobalSection
EndGlobal
